
Microsoft Visual Studio Solution File, Format Version 12.00
# Visual Studio 15
VisualStudioVersion = 15.0.27428.2005
MinimumVisualStudioVersion = 10.0.40219.1
Project("{FAE04EC0-301F-11D3-BF4B-00C04F79EFBC}") = "FlexButtonExemplo.Android", "FlexButtonExemplo\FlexButtonExemplo.Android\FlexButtonExemplo.Android.csproj", "{F6B713DA-4F4A-46A0-9E14-1FD455F218E1}"
EndProject
Project("{FAE04EC0-301F-11D3-BF4B-00C04F79EFBC}") = "FlexButtonExemplo.iOS", "FlexButtonExemplo\FlexButtonExemplo.iOS\FlexButtonExemplo.iOS.csproj", "{16530D59-BEE9-41FF-848E-23885F28453A}"
EndProject
Project("{FAE04EC0-301F-11D3-BF4B-00C04F79EFBC}") = "FlexButtonExemplo.UWP", "FlexButtonExemplo\FlexButtonExemplo.UWP\FlexButtonExemplo.UWP.csproj", "{6012ACAE-F594-4631-8BA1-5240C0E54853}"
EndProject
Project("{FAE04EC0-301F-11D3-BF4B-00C04F79EFBC}") = "FlexButtonExemplo", "FlexButtonExemplo\FlexButtonExemplo\FlexButtonExemplo.csproj", "{553143C1-5D6E-48AA-84DD-27BEA76CBA6E}"
EndProject
Global
	GlobalSection(SolutionConfigurationPlatforms) = preSolution
		Ad-Hoc|Any CPU = Ad-Hoc|Any CPU
		Ad-Hoc|ARM = Ad-Hoc|ARM
		Ad-Hoc|iPhone = Ad-Hoc|iPhone
		Ad-Hoc|iPhoneSimulator = Ad-Hoc|iPhoneSimulator
		Ad-Hoc|x64 = Ad-Hoc|x64
		Ad-Hoc|x86 = Ad-Hoc|x86
		AppStore|Any CPU = AppStore|Any CPU
		AppStore|ARM = AppStore|ARM
		AppStore|iPhone = AppStore|iPhone
		AppStore|iPhoneSimulator = AppStore|iPhoneSimulator
		AppStore|x64 = AppStore|x64
		AppStore|x86 = AppStore|x86
		Debug|Any CPU = Debug|Any CPU
		Debug|ARM = Debug|ARM
		Debug|iPhone = Debug|iPhone
		Debug|iPhoneSimulator = Debug|iPhoneSimulator
		Debug|x64 = Debug|x64
		Debug|x86 = Debug|x86
		Release|Any CPU = Release|Any CPU
		Release|ARM = Release|ARM
		Release|iPhone = Release|iPhone
		Release|iPhoneSimulator = Release|iPhoneSimulator
		Release|x64 = Release|x64
		Release|x86 = Release|x86
	EndGlobalSection
	GlobalSection(ProjectConfigurationPlatforms) = postSolution
		{F6B713DA-4F4A-46A0-9E14-1FD455F218E1}.Ad-Hoc|Any CPU.ActiveCfg = Release|Any CPU
		{F6B713DA-4F4A-46A0-9E14-1FD455F218E1}.Ad-Hoc|Any CPU.Build.0 = Release|Any CPU
		{F6B713DA-4F4A-46A0-9E14-1FD455F218E1}.Ad-Hoc|Any CPU.Deploy.0 = Release|Any CPU
		{F6B713DA-4F4A-46A0-9E14-1FD455F218E1}.Ad-Hoc|ARM.ActiveCfg = Release|Any CPU
		{F6B713DA-4F4A-46A0-9E14-1FD455F218E1}.Ad-Hoc|ARM.Build.0 = Release|Any CPU
		{F6B713DA-4F4A-46A0-9E14-1FD455F218E1}.Ad-Hoc|ARM.Deploy.0 = Release|Any CPU
		{F6B713DA-4F4A-46A0-9E14-1FD455F218E1}.Ad-Hoc|iPhone.ActiveCfg = Release|Any CPU
		{F6B713DA-4F4A-46A0-9E14-1FD455F218E1}.Ad-Hoc|iPhone.Build.0 = Release|Any CPU
		{F6B713DA-4F4A-46A0-9E14-1FD455F218E1}.Ad-Hoc|iPhone.Deploy.0 = Release|Any CPU
		{F6B713DA-4F4A-46A0-9E14-1FD455F218E1}.Ad-Hoc|iPhoneSimulator.ActiveCfg = Release|Any CPU
		{F6B713DA-4F4A-46A0-9E14-1FD455F218E1}.Ad-Hoc|iPhoneSimulator.Build.0 = Release|Any CPU
		{F6B713DA-4F4A-46A0-9E14-1FD455F218E1}.Ad-Hoc|iPhoneSimulator.Deploy.0 = Release|Any CPU
		{F6B713DA-4F4A-46A0-9E14-1FD455F218E1}.Ad-Hoc|x64.ActiveCfg = Release|Any CPU
		{F6B713DA-4F4A-46A0-9E14-1FD455F218E1}.Ad-Hoc|x64.Build.0 = Release|Any CPU
		{F6B713DA-4F4A-46A0-9E14-1FD455F218E1}.Ad-Hoc|x64.Deploy.0 = Release|Any CPU
		{F6B713DA-4F4A-46A0-9E14-1FD455F218E1}.Ad-Hoc|x86.ActiveCfg = Release|Any CPU
		{F6B713DA-4F4A-46A0-9E14-1FD455F218E1}.Ad-Hoc|x86.Build.0 = Release|Any CPU
		{F6B713DA-4F4A-46A0-9E14-1FD455F218E1}.Ad-Hoc|x86.Deploy.0 = Release|Any CPU
		{F6B713DA-4F4A-46A0-9E14-1FD455F218E1}.AppStore|Any CPU.ActiveCfg = Release|Any CPU
		{F6B713DA-4F4A-46A0-9E14-1FD455F218E1}.AppStore|Any CPU.Build.0 = Release|Any CPU
		{F6B713DA-4F4A-46A0-9E14-1FD455F218E1}.AppStore|Any CPU.Deploy.0 = Release|Any CPU
		{F6B713DA-4F4A-46A0-9E14-1FD455F218E1}.AppStore|ARM.ActiveCfg = Release|Any CPU
		{F6B713DA-4F4A-46A0-9E14-1FD455F218E1}.AppStore|ARM.Build.0 = Release|Any CPU
		{F6B713DA-4F4A-46A0-9E14-1FD455F218E1}.AppStore|ARM.Deploy.0 = Release|Any CPU
		{F6B713DA-4F4A-46A0-9E14-1FD455F218E1}.AppStore|iPhone.ActiveCfg = Release|Any CPU
		{F6B713DA-4F4A-46A0-9E14-1FD455F218E1}.AppStore|iPhone.Build.0 = Release|Any CPU
		{F6B713DA-4F4A-46A0-9E14-1FD455F218E1}.AppStore|iPhone.Deploy.0 = Release|Any CPU
		{F6B713DA-4F4A-46A0-9E14-1FD455F218E1}.AppStore|iPhoneSimulator.ActiveCfg = Release|Any CPU
		{F6B713DA-4F4A-46A0-9E14-1FD455F218E1}.AppStore|iPhoneSimulator.Build.0 = Release|Any CPU
		{F6B713DA-4F4A-46A0-9E14-1FD455F218E1}.AppStore|iPhoneSimulator.Deploy.0 = Release|Any CPU
		{F6B713DA-4F4A-46A0-9E14-1FD455F218E1}.AppStore|x64.ActiveCfg = Release|Any CPU
		{F6B713DA-4F4A-46A0-9E14-1FD455F218E1}.AppStore|x64.Build.0 = Release|Any CPU
		{F6B713DA-4F4A-46A0-9E14-1FD455F218E1}.AppStore|x64.Deploy.0 = Release|Any CPU
		{F6B713DA-4F4A-46A0-9E14-1FD455F218E1}.AppStore|x86.ActiveCfg = Release|Any CPU
		{F6B713DA-4F4A-46A0-9E14-1FD455F218E1}.AppStore|x86.Build.0 = Release|Any CPU
		{F6B713DA-4F4A-46A0-9E14-1FD455F218E1}.AppStore|x86.Deploy.0 = Release|Any CPU
		{F6B713DA-4F4A-46A0-9E14-1FD455F218E1}.Debug|Any CPU.ActiveCfg = Debug|Any CPU
		{F6B713DA-4F4A-46A0-9E14-1FD455F218E1}.Debug|Any CPU.Build.0 = Debug|Any CPU
		{F6B713DA-4F4A-46A0-9E14-1FD455F218E1}.Debug|Any CPU.Deploy.0 = Debug|Any CPU
		{F6B713DA-4F4A-46A0-9E14-1FD455F218E1}.Debug|ARM.ActiveCfg = Debug|Any CPU
		{F6B713DA-4F4A-46A0-9E14-1FD455F218E1}.Debug|ARM.Build.0 = Debug|Any CPU
		{F6B713DA-4F4A-46A0-9E14-1FD455F218E1}.Debug|ARM.Deploy.0 = Debug|Any CPU
		{F6B713DA-4F4A-46A0-9E14-1FD455F218E1}.Debug|iPhone.ActiveCfg = Debug|Any CPU
		{F6B713DA-4F4A-46A0-9E14-1FD455F218E1}.Debug|iPhone.Build.0 = Debug|Any CPU
		{F6B713DA-4F4A-46A0-9E14-1FD455F218E1}.Debug|iPhone.Deploy.0 = Debug|Any CPU
		{F6B713DA-4F4A-46A0-9E14-1FD455F218E1}.Debug|iPhoneSimulator.ActiveCfg = Debug|Any CPU
		{F6B713DA-4F4A-46A0-9E14-1FD455F218E1}.Debug|iPhoneSimulator.Build.0 = Debug|Any CPU
		{F6B713DA-4F4A-46A0-9E14-1FD455F218E1}.Debug|iPhoneSimulator.Deploy.0 = Debug|Any CPU
		{F6B713DA-4F4A-46A0-9E14-1FD455F218E1}.Debug|x64.ActiveCfg = Debug|Any CPU
		{F6B713DA-4F4A-46A0-9E14-1FD455F218E1}.Debug|x64.Build.0 = Debug|Any CPU
		{F6B713DA-4F4A-46A0-9E14-1FD455F218E1}.Debug|x64.Deploy.0 = Debug|Any CPU
		{F6B713DA-4F4A-46A0-9E14-1FD455F218E1}.Debug|x86.ActiveCfg = Debug|Any CPU
		{F6B713DA-4F4A-46A0-9E14-1FD455F218E1}.Debug|x86.Build.0 = Debug|Any CPU
		{F6B713DA-4F4A-46A0-9E14-1FD455F218E1}.Debug|x86.Deploy.0 = Debug|Any CPU
		{F6B713DA-4F4A-46A0-9E14-1FD455F218E1}.Release|Any CPU.ActiveCfg = Release|Any CPU
		{F6B713DA-4F4A-46A0-9E14-1FD455F218E1}.Release|Any CPU.Build.0 = Release|Any CPU
		{F6B713DA-4F4A-46A0-9E14-1FD455F218E1}.Release|Any CPU.Deploy.0 = Release|Any CPU
		{F6B713DA-4F4A-46A0-9E14-1FD455F218E1}.Release|ARM.ActiveCfg = Release|Any CPU
		{F6B713DA-4F4A-46A0-9E14-1FD455F218E1}.Release|ARM.Build.0 = Release|Any CPU
		{F6B713DA-4F4A-46A0-9E14-1FD455F218E1}.Release|ARM.Deploy.0 = Release|Any CPU
		{F6B713DA-4F4A-46A0-9E14-1FD455F218E1}.Release|iPhone.ActiveCfg = Release|Any CPU
		{F6B713DA-4F4A-46A0-9E14-1FD455F218E1}.Release|iPhone.Build.0 = Release|Any CPU
		{F6B713DA-4F4A-46A0-9E14-1FD455F218E1}.Release|iPhone.Deploy.0 = Release|Any CPU
		{F6B713DA-4F4A-46A0-9E14-1FD455F218E1}.Release|iPhoneSimulator.ActiveCfg = Release|Any CPU
		{F6B713DA-4F4A-46A0-9E14-1FD455F218E1}.Release|iPhoneSimulator.Build.0 = Release|Any CPU
		{F6B713DA-4F4A-46A0-9E14-1FD455F218E1}.Release|iPhoneSimulator.Deploy.0 = Release|Any CPU
		{F6B713DA-4F4A-46A0-9E14-1FD455F218E1}.Release|x64.ActiveCfg = Release|Any CPU
		{F6B713DA-4F4A-46A0-9E14-1FD455F218E1}.Release|x64.Build.0 = Release|Any CPU
		{F6B713DA-4F4A-46A0-9E14-1FD455F218E1}.Release|x64.Deploy.0 = Release|Any CPU
		{F6B713DA-4F4A-46A0-9E14-1FD455F218E1}.Release|x86.ActiveCfg = Release|Any CPU
		{F6B713DA-4F4A-46A0-9E14-1FD455F218E1}.Release|x86.Build.0 = Release|Any CPU
		{F6B713DA-4F4A-46A0-9E14-1FD455F218E1}.Release|x86.Deploy.0 = Release|Any CPU
		{16530D59-BEE9-41FF-848E-23885F28453A}.Ad-Hoc|Any CPU.ActiveCfg = Ad-Hoc|iPhone
		{16530D59-BEE9-41FF-848E-23885F28453A}.Ad-Hoc|ARM.ActiveCfg = Ad-Hoc|iPhone
		{16530D59-BEE9-41FF-848E-23885F28453A}.Ad-Hoc|iPhone.ActiveCfg = Ad-Hoc|iPhone
		{16530D59-BEE9-41FF-848E-23885F28453A}.Ad-Hoc|iPhone.Build.0 = Ad-Hoc|iPhone
		{16530D59-BEE9-41FF-848E-23885F28453A}.Ad-Hoc|iPhoneSimulator.ActiveCfg = Ad-Hoc|iPhoneSimulator
		{16530D59-BEE9-41FF-848E-23885F28453A}.Ad-Hoc|iPhoneSimulator.Build.0 = Ad-Hoc|iPhoneSimulator
		{16530D59-BEE9-41FF-848E-23885F28453A}.Ad-Hoc|x64.ActiveCfg = Ad-Hoc|iPhone
		{16530D59-BEE9-41FF-848E-23885F28453A}.Ad-Hoc|x86.ActiveCfg = Ad-Hoc|iPhone
		{16530D59-BEE9-41FF-848E-23885F28453A}.AppStore|Any CPU.ActiveCfg = AppStore|iPhone
		{16530D59-BEE9-41FF-848E-23885F28453A}.AppStore|ARM.ActiveCfg = AppStore|iPhone
		{16530D59-BEE9-41FF-848E-23885F28453A}.AppStore|iPhone.ActiveCfg = AppStore|iPhone
		{16530D59-BEE9-41FF-848E-23885F28453A}.AppStore|iPhone.Build.0 = AppStore|iPhone
		{16530D59-BEE9-41FF-848E-23885F28453A}.AppStore|iPhoneSimulator.ActiveCfg = AppStore|iPhoneSimulator
		{16530D59-BEE9-41FF-848E-23885F28453A}.AppStore|iPhoneSimulator.Build.0 = AppStore|iPhoneSimulator
		{16530D59-BEE9-41FF-848E-23885F28453A}.AppStore|x64.ActiveCfg = AppStore|iPhone
		{16530D59-BEE9-41FF-848E-23885F28453A}.AppStore|x86.ActiveCfg = AppStore|iPhone
		{16530D59-BEE9-41FF-848E-23885F28453A}.Debug|Any CPU.ActiveCfg = Debug|iPhone
		{16530D59-BEE9-41FF-848E-23885F28453A}.Debug|ARM.ActiveCfg = Debug|iPhone
		{16530D59-BEE9-41FF-848E-23885F28453A}.Debug|iPhone.ActiveCfg = Debug|iPhone
		{16530D59-BEE9-41FF-848E-23885F28453A}.Debug|iPhone.Build.0 = Debug|iPhone
		{16530D59-BEE9-41FF-848E-23885F28453A}.Debug|iPhoneSimulator.ActiveCfg = Debug|iPhoneSimulator
		{16530D59-BEE9-41FF-848E-23885F28453A}.Debug|iPhoneSimulator.Build.0 = Debug|iPhoneSimulator
		{16530D59-BEE9-41FF-848E-23885F28453A}.Debug|x64.ActiveCfg = Debug|iPhone
		{16530D59-BEE9-41FF-848E-23885F28453A}.Debug|x86.ActiveCfg = Debug|iPhone
		{16530D59-BEE9-41FF-848E-23885F28453A}.Release|Any CPU.ActiveCfg = Release|iPhone
		{16530D59-BEE9-41FF-848E-23885F28453A}.Release|ARM.ActiveCfg = Release|iPhone
		{16530D59-BEE9-41FF-848E-23885F28453A}.Release|iPhone.ActiveCfg = Release|iPhone
		{16530D59-BEE9-41FF-848E-23885F28453A}.Release|iPhone.Build.0 = Release|iPhone
		{16530D59-BEE9-41FF-848E-23885F28453A}.Release|iPhoneSimulator.ActiveCfg = Release|iPhoneSimulator
		{16530D59-BEE9-41FF-848E-23885F28453A}.Release|iPhoneSimulator.Build.0 = Release|iPhoneSimulator
		{16530D59-BEE9-41FF-848E-23885F28453A}.Release|x64.ActiveCfg = Release|iPhone
		{16530D59-BEE9-41FF-848E-23885F28453A}.Release|x86.ActiveCfg = Release|iPhone
		{6012ACAE-F594-4631-8BA1-5240C0E54853}.Ad-Hoc|Any CPU.ActiveCfg = Release|x86
		{6012ACAE-F594-4631-8BA1-5240C0E54853}.Ad-Hoc|Any CPU.Build.0 = Release|x86
		{6012ACAE-F594-4631-8BA1-5240C0E54853}.Ad-Hoc|Any CPU.Deploy.0 = Release|x86
		{6012ACAE-F594-4631-8BA1-5240C0E54853}.Ad-Hoc|ARM.ActiveCfg = Release|ARM
		{6012ACAE-F594-4631-8BA1-5240C0E54853}.Ad-Hoc|ARM.Build.0 = Release|ARM
		{6012ACAE-F594-4631-8BA1-5240C0E54853}.Ad-Hoc|ARM.Deploy.0 = Release|ARM
		{6012ACAE-F594-4631-8BA1-5240C0E54853}.Ad-Hoc|iPhone.ActiveCfg = Release|x86
		{6012ACAE-F594-4631-8BA1-5240C0E54853}.Ad-Hoc|iPhone.Build.0 = Release|x86
		{6012ACAE-F594-4631-8BA1-5240C0E54853}.Ad-Hoc|iPhone.Deploy.0 = Release|x86
		{6012ACAE-F594-4631-8BA1-5240C0E54853}.Ad-Hoc|iPhoneSimulator.ActiveCfg = Release|x86
		{6012ACAE-F594-4631-8BA1-5240C0E54853}.Ad-Hoc|iPhoneSimulator.Build.0 = Release|x86
		{6012ACAE-F594-4631-8BA1-5240C0E54853}.Ad-Hoc|iPhoneSimulator.Deploy.0 = Release|x86
		{6012ACAE-F594-4631-8BA1-5240C0E54853}.Ad-Hoc|x64.ActiveCfg = Release|x64
		{6012ACAE-F594-4631-8BA1-5240C0E54853}.Ad-Hoc|x64.Build.0 = Release|x64
		{6012ACAE-F594-4631-8BA1-5240C0E54853}.Ad-Hoc|x64.Deploy.0 = Release|x64
		{6012ACAE-F594-4631-8BA1-5240C0E54853}.Ad-Hoc|x86.ActiveCfg = Release|x86
		{6012ACAE-F594-4631-8BA1-5240C0E54853}.Ad-Hoc|x86.Build.0 = Release|x86
		{6012ACAE-F594-4631-8BA1-5240C0E54853}.Ad-Hoc|x86.Deploy.0 = Release|x86
		{6012ACAE-F594-4631-8BA1-5240C0E54853}.AppStore|Any CPU.ActiveCfg = Release|x86
		{6012ACAE-F594-4631-8BA1-5240C0E54853}.AppStore|Any CPU.Build.0 = Release|x86
		{6012ACAE-F594-4631-8BA1-5240C0E54853}.AppStore|Any CPU.Deploy.0 = Release|x86
		{6012ACAE-F594-4631-8BA1-5240C0E54853}.AppStore|ARM.ActiveCfg = Release|ARM
		{6012ACAE-F594-4631-8BA1-5240C0E54853}.AppStore|ARM.Build.0 = Release|ARM
		{6012ACAE-F594-4631-8BA1-5240C0E54853}.AppStore|ARM.Deploy.0 = Release|ARM
		{6012ACAE-F594-4631-8BA1-5240C0E54853}.AppStore|iPhone.ActiveCfg = Release|x86
		{6012ACAE-F594-4631-8BA1-5240C0E54853}.AppStore|iPhone.Build.0 = Release|x86
		{6012ACAE-F594-4631-8BA1-5240C0E54853}.AppStore|iPhone.Deploy.0 = Release|x86
		{6012ACAE-F594-4631-8BA1-5240C0E54853}.AppStore|iPhoneSimulator.ActiveCfg = Release|x86
		{6012ACAE-F594-4631-8BA1-5240C0E54853}.AppStore|iPhoneSimulator.Build.0 = Release|x86
		{6012ACAE-F594-4631-8BA1-5240C0E54853}.AppStore|iPhoneSimulator.Deploy.0 = Release|x86
		{6012ACAE-F594-4631-8BA1-5240C0E54853}.AppStore|x64.ActiveCfg = Release|x64
		{6012ACAE-F594-4631-8BA1-5240C0E54853}.AppStore|x64.Build.0 = Release|x64
		{6012ACAE-F594-4631-8BA1-5240C0E54853}.AppStore|x64.Deploy.0 = Release|x64
		{6012ACAE-F594-4631-8BA1-5240C0E54853}.AppStore|x86.ActiveCfg = Release|x86
		{6012ACAE-F594-4631-8BA1-5240C0E54853}.AppStore|x86.Build.0 = Release|x86
		{6012ACAE-F594-4631-8BA1-5240C0E54853}.AppStore|x86.Deploy.0 = Release|x86
		{6012ACAE-F594-4631-8BA1-5240C0E54853}.Debug|Any CPU.ActiveCfg = Debug|x86
		{6012ACAE-F594-4631-8BA1-5240C0E54853}.Debug|ARM.ActiveCfg = Debug|ARM
		{6012ACAE-F594-4631-8BA1-5240C0E54853}.Debug|ARM.Build.0 = Debug|ARM
		{6012ACAE-F594-4631-8BA1-5240C0E54853}.Debug|ARM.Deploy.0 = Debug|ARM
		{6012ACAE-F594-4631-8BA1-5240C0E54853}.Debug|iPhone.ActiveCfg = Debug|x86
		{6012ACAE-F594-4631-8BA1-5240C0E54853}.Debug|iPhoneSimulator.ActiveCfg = Debug|x86
		{6012ACAE-F594-4631-8BA1-5240C0E54853}.Debug|x64.ActiveCfg = Debug|x64
		{6012ACAE-F594-4631-8BA1-5240C0E54853}.Debug|x64.Build.0 = Debug|x64
		{6012ACAE-F594-4631-8BA1-5240C0E54853}.Debug|x64.Deploy.0 = Debug|x64
		{6012ACAE-F594-4631-8BA1-5240C0E54853}.Debug|x86.ActiveCfg = Debug|x86
		{6012ACAE-F594-4631-8BA1-5240C0E54853}.Debug|x86.Build.0 = Debug|x86
		{6012ACAE-F594-4631-8BA1-5240C0E54853}.Debug|x86.Deploy.0 = Debug|x86
		{6012ACAE-F594-4631-8BA1-5240C0E54853}.Release|Any CPU.ActiveCfg = Release|x86
		{6012ACAE-F594-4631-8BA1-5240C0E54853}.Release|ARM.ActiveCfg = Release|ARM
		{6012ACAE-F594-4631-8BA1-5240C0E54853}.Release|ARM.Build.0 = Release|ARM
		{6012ACAE-F594-4631-8BA1-5240C0E54853}.Release|ARM.Deploy.0 = Release|ARM
		{6012ACAE-F594-4631-8BA1-5240C0E54853}.Release|iPhone.ActiveCfg = Release|x86
		{6012ACAE-F594-4631-8BA1-5240C0E54853}.Release|iPhoneSimulator.ActiveCfg = Release|x86
		{6012ACAE-F594-4631-8BA1-5240C0E54853}.Release|x64.ActiveCfg = Release|x64
		{6012ACAE-F594-4631-8BA1-5240C0E54853}.Release|x64.Build.0 = Release|x64
		{6012ACAE-F594-4631-8BA1-5240C0E54853}.Release|x64.Deploy.0 = Release|x64
		{6012ACAE-F594-4631-8BA1-5240C0E54853}.Release|x86.ActiveCfg = Release|x86
		{6012ACAE-F594-4631-8BA1-5240C0E54853}.Release|x86.Build.0 = Release|x86
		{6012ACAE-F594-4631-8BA1-5240C0E54853}.Release|x86.Deploy.0 = Release|x86
		{553143C1-5D6E-48AA-84DD-27BEA76CBA6E}.Ad-Hoc|Any CPU.ActiveCfg = Debug|Any CPU
		{553143C1-5D6E-48AA-84DD-27BEA76CBA6E}.Ad-Hoc|Any CPU.Build.0 = Debug|Any CPU
		{553143C1-5D6E-48AA-84DD-27BEA76CBA6E}.Ad-Hoc|ARM.ActiveCfg = Debug|Any CPU
		{553143C1-5D6E-48AA-84DD-27BEA76CBA6E}.Ad-Hoc|ARM.Build.0 = Debug|Any CPU
		{553143C1-5D6E-48AA-84DD-27BEA76CBA6E}.Ad-Hoc|iPhone.ActiveCfg = Debug|Any CPU
		{553143C1-5D6E-48AA-84DD-27BEA76CBA6E}.Ad-Hoc|iPhone.Build.0 = Debug|Any CPU
		{553143C1-5D6E-48AA-84DD-27BEA76CBA6E}.Ad-Hoc|iPhoneSimulator.ActiveCfg = Debug|Any CPU
		{553143C1-5D6E-48AA-84DD-27BEA76CBA6E}.Ad-Hoc|iPhoneSimulator.Build.0 = Debug|Any CPU
		{553143C1-5D6E-48AA-84DD-27BEA76CBA6E}.Ad-Hoc|x64.ActiveCfg = Debug|Any CPU
		{553143C1-5D6E-48AA-84DD-27BEA76CBA6E}.Ad-Hoc|x64.Build.0 = Debug|Any CPU
		{553143C1-5D6E-48AA-84DD-27BEA76CBA6E}.Ad-Hoc|x86.ActiveCfg = Debug|Any CPU
		{553143C1-5D6E-48AA-84DD-27BEA76CBA6E}.Ad-Hoc|x86.Build.0 = Debug|Any CPU
		{553143C1-5D6E-48AA-84DD-27BEA76CBA6E}.AppStore|Any CPU.ActiveCfg = Debug|Any CPU
		{553143C1-5D6E-48AA-84DD-27BEA76CBA6E}.AppStore|Any CPU.Build.0 = Debug|Any CPU
		{553143C1-5D6E-48AA-84DD-27BEA76CBA6E}.AppStore|ARM.ActiveCfg = Debug|Any CPU
		{553143C1-5D6E-48AA-84DD-27BEA76CBA6E}.AppStore|ARM.Build.0 = Debug|Any CPU
		{553143C1-5D6E-48AA-84DD-27BEA76CBA6E}.AppStore|iPhone.ActiveCfg = Debug|Any CPU
		{553143C1-5D6E-48AA-84DD-27BEA76CBA6E}.AppStore|iPhone.Build.0 = Debug|Any CPU
		{553143C1-5D6E-48AA-84DD-27BEA76CBA6E}.AppStore|iPhoneSimulator.ActiveCfg = Debug|Any CPU
		{553143C1-5D6E-48AA-84DD-27BEA76CBA6E}.AppStore|iPhoneSimulator.Build.0 = Debug|Any CPU
		{553143C1-5D6E-48AA-84DD-27BEA76CBA6E}.AppStore|x64.ActiveCfg = Debug|Any CPU
		{553143C1-5D6E-48AA-84DD-27BEA76CBA6E}.AppStore|x64.Build.0 = Debug|Any CPU
		{553143C1-5D6E-48AA-84DD-27BEA76CBA6E}.AppStore|x86.ActiveCfg = Debug|Any CPU
		{553143C1-5D6E-48AA-84DD-27BEA76CBA6E}.AppStore|x86.Build.0 = Debug|Any CPU
		{553143C1-5D6E-48AA-84DD-27BEA76CBA6E}.Debug|Any CPU.ActiveCfg = Debug|Any CPU
		{553143C1-5D6E-48AA-84DD-27BEA76CBA6E}.Debug|Any CPU.Build.0 = Debug|Any CPU
		{553143C1-5D6E-48AA-84DD-27BEA76CBA6E}.Debug|ARM.ActiveCfg = Debug|Any CPU
		{553143C1-5D6E-48AA-84DD-27BEA76CBA6E}.Debug|ARM.Build.0 = Debug|Any CPU
		{553143C1-5D6E-48AA-84DD-27BEA76CBA6E}.Debug|iPhone.ActiveCfg = Debug|Any CPU
		{553143C1-5D6E-48AA-84DD-27BEA76CBA6E}.Debug|iPhone.Build.0 = Debug|Any CPU
		{553143C1-5D6E-48AA-84DD-27BEA76CBA6E}.Debug|iPhoneSimulator.ActiveCfg = Debug|Any CPU
		{553143C1-5D6E-48AA-84DD-27BEA76CBA6E}.Debug|iPhoneSimulator.Build.0 = Debug|Any CPU
		{553143C1-5D6E-48AA-84DD-27BEA76CBA6E}.Debug|x64.ActiveCfg = Debug|Any CPU
		{553143C1-5D6E-48AA-84DD-27BEA76CBA6E}.Debug|x64.Build.0 = Debug|Any CPU
		{553143C1-5D6E-48AA-84DD-27BEA76CBA6E}.Debug|x86.ActiveCfg = Debug|Any CPU
		{553143C1-5D6E-48AA-84DD-27BEA76CBA6E}.Debug|x86.Build.0 = Debug|Any CPU
		{553143C1-5D6E-48AA-84DD-27BEA76CBA6E}.Release|Any CPU.ActiveCfg = Release|Any CPU
		{553143C1-5D6E-48AA-84DD-27BEA76CBA6E}.Release|Any CPU.Build.0 = Release|Any CPU
		{553143C1-5D6E-48AA-84DD-27BEA76CBA6E}.Release|ARM.ActiveCfg = Release|Any CPU
		{553143C1-5D6E-48AA-84DD-27BEA76CBA6E}.Release|ARM.Build.0 = Release|Any CPU
		{553143C1-5D6E-48AA-84DD-27BEA76CBA6E}.Release|iPhone.ActiveCfg = Release|Any CPU
		{553143C1-5D6E-48AA-84DD-27BEA76CBA6E}.Release|iPhone.Build.0 = Release|Any CPU
		{553143C1-5D6E-48AA-84DD-27BEA76CBA6E}.Release|iPhoneSimulator.ActiveCfg = Release|Any CPU
		{553143C1-5D6E-48AA-84DD-27BEA76CBA6E}.Release|iPhoneSimulator.Build.0 = Release|Any CPU
		{553143C1-5D6E-48AA-84DD-27BEA76CBA6E}.Release|x64.ActiveCfg = Release|Any CPU
		{553143C1-5D6E-48AA-84DD-27BEA76CBA6E}.Release|x64.Build.0 = Release|Any CPU
		{553143C1-5D6E-48AA-84DD-27BEA76CBA6E}.Release|x86.ActiveCfg = Release|Any CPU
		{553143C1-5D6E-48AA-84DD-27BEA76CBA6E}.Release|x86.Build.0 = Release|Any CPU
	EndGlobalSection
	GlobalSection(SolutionProperties) = preSolution
		HideSolutionNode = FALSE
	EndGlobalSection
	GlobalSection(ExtensibilityGlobals) = postSolution
		SolutionGuid = {46B050D5-5C7A-4030-AB7C-C20788A603FF}
	EndGlobalSection
EndGlobal
